// !$*UTF8*$!
{
	archiveVersion = 1;
	classes = {
	};
	objectVersion = 46;
	objects = {

/* Begin PBXBuildFile section */
		218609C91EBC54910019CA38 /* AppDelegate.swift in Sources */ = {isa = PBXBuildFile; fileRef = 218609C81EBC54910019CA38 /* AppDelegate.swift */; };
		218609CB1EBC54910019CA38 /* ViewController.swift in Sources */ = {isa = PBXBuildFile; fileRef = 218609CA1EBC54910019CA38 /* ViewController.swift */; };
		218609CE1EBC54910019CA38 /* Main.storyboard in Resources */ = {isa = PBXBuildFile; fileRef = 218609CC1EBC54910019CA38 /* Main.storyboard */; };
		218609D11EBC54910019CA38 /* TodoApp.xcdatamodeld in Sources */ = {isa = PBXBuildFile; fileRef = 218609CF1EBC54910019CA38 /* TodoApp.xcdatamodeld */; };
		218609D31EBC54910019CA38 /* Assets.xcassets in Resources */ = {isa = PBXBuildFile; fileRef = 218609D21EBC54910019CA38 /* Assets.xcassets */; };
		218609D61EBC54910019CA38 /* LaunchScreen.storyboard in Resources */ = {isa = PBXBuildFile; fileRef = 218609D41EBC54910019CA38 /* LaunchScreen.storyboard */; };
		218609DE1EBC557F0019CA38 /* AddTaskVC.swift in Sources */ = {isa = PBXBuildFile; fileRef = 218609DD1EBC557F0019CA38 /* AddTaskVC.swift */; };
/* End PBXBuildFile section */

/* Begin PBXFileReference section */
		218609C51EBC54910019CA38 /* TodoApp.app */ = {isa = PBXFileReference; explicitFileType = wrapper.application; includeInIndex = 0; path = TodoApp.app; sourceTree = BUILT_PRODUCTS_DIR; };
		218609C81EBC54910019CA38 /* AppDelegate.swift */ = {isa = PBXFileReference; lastKnownFileType = sourcecode.swift; path = AppDelegate.swift; sourceTree = "<group>"; };
		218609CA1EBC54910019CA38 /* ViewController.swift */ = {isa = PBXFileReference; lastKnownFileType = sourcecode.swift; path = ViewController.swift; sourceTree = "<group>"; };
		218609CD1EBC54910019CA38 /* Base */ = {isa = PBXFileReference; lastKnownFileType = file.storyboard; name = Base; path = Base.lproj/Main.storyboard; sourceTree = "<group>"; };
		218609D01EBC54910019CA38 /* TodoApp.xcdatamodel */ = {isa = PBXFileReference; lastKnownFileType = wrapper.xcdatamodel; path = TodoApp.xcdatamodel; sourceTree = "<group>"; };
		218609D21EBC54910019CA38 /* Assets.xcassets */ = {isa = PBXFileReference; lastKnownFileType = folder.assetcatalog; path = Assets.xcassets; sourceTree = "<group>"; };
		218609D51EBC54910019CA38 /* Base */ = {isa = PBXFileReference; lastKnownFileType = file.storyboard; name = Base; path = Base.lproj/LaunchScreen.storyboard; sourceTree = "<group>"; };
		218609D71EBC54910019CA38 /* Info.plist */ = {isa = PBXFileReference; lastKnownFileType = text.plist.xml; path = Info.plist; sourceTree = "<group>"; };
		218609DD1EBC557F0019CA38 /* AddTaskVC.swift */ = {isa = PBXFileReference; fileEncoding = 4; lastKnownFileType = sourcecode.swift; path = AddTaskVC.swift; sourceTree = "<group>"; };
/* End PBXFileReference section */

/* Begin PBXFrameworksBuildPhase section */
		218609C21EBC54910019CA38 /* Frameworks */ = {
			isa = PBXFrameworksBuildPhase;
			buildActionMask = 2147483647;
			files = (
			);
			runOnlyForDeploymentPostprocessing = 0;
		};
/* End PBXFrameworksBuildPhase section */

/* Begin PBXGroup section */
		218609BC1EBC54910019CA38 = {
			isa = PBXGroup;
			children = (
				218609C71EBC54910019CA38 /* TodoApp */,
				218609C61EBC54910019CA38 /* Products */,
			);
			sourceTree = "<group>";
		};
		218609C61EBC54910019CA38 /* Products */ = {
			isa = PBXGroup;
			children = (
				218609C51EBC54910019CA38 /* TodoApp.app */,
			);
			name = Products;
			sourceTree = "<group>";
		};
		218609C71EBC54910019CA38 /* TodoApp */ = {
			isa = PBXGroup;
			children = (
				218609C81EBC54910019CA38 /* AppDelegate.swift */,
				218609CA1EBC54910019CA38 /* ViewController.swift */,
				218609CC1EBC54910019CA38 /* Main.storyboard */,
				218609D21EBC54910019CA38 /* Assets.xcassets */,
				218609D41EBC54910019CA38 /* LaunchScreen.storyboard */,
				218609D71EBC54910019CA38 /* Info.plist */,
				218609CF1EBC54910019CA38 /* TodoApp.xcdatamodeld */,
				218609DD1EBC557F0019CA38 /* AddTaskVC.swift */,
			);
			path = TodoApp;
			sourceTree = "<group>";
		};
/* End PBXGroup section */

/* Begin PBXNativeTarget section */
		218609C41EBC54910019CA38 /* TodoApp */ = {
			isa = PBXNativeTarget;
			buildConfigurationList = 218609DA1EBC54910019CA38 /* Build configuration list for PBXNativeTarget "TodoApp" */;
			buildPhases = (
				218609C11EBC54910019CA38 /* Sources */,
				218609C21EBC54910019CA38 /* Frameworks */,
				218609C31EBC54910019CA38 /* Resources */,
			);
			buildRules = (
			);
			dependencies = (
			);
			name = TodoApp;
			productName = TodoApp;
			productReference = 218609C51EBC54910019CA38 /* TodoApp.app */;
			productType = "com.apple.product-type.application";
		};
/* End PBXNativeTarget section */

/* Begin PBXProject section */
		218609BD1EBC54910019CA38 /* Project object */ = {
			isa = PBXProject;
			attributes = {
				LastSwiftUpdateCheck = 0830;
				LastUpgradeCheck = 0830;
				ORGANIZATIONNAME = "Donio Foundation";
				TargetAttributes = {
					218609C41EBC54910019CA38 = {
						CreatedOnToolsVersion = 8.3.2;
						ProvisioningStyle = Automatic;
					};
				};
			};
			buildConfigurationList = 218609C01EBC54910019CA38 /* Build configuration list for PBXProject "TodoApp" */;
			compatibilityVersion = "Xcode 3.2";
			developmentRegion = English;
			hasScannedForEncodings = 0;
			knownRegions = (
				en,
				Base,
			);
			mainGroup = 218609BC1EBC54910019CA38;
			productRefGroup = 218609C61EBC54910019CA38 /* Products */;
			projectDirPath = "";
			projectRoot = "";
			targets = (
				218609C41EBC54910019CA38 /* TodoApp */,
			);
		};
/* End PBXProject section */

/* Begin PBXResourcesBuildPhase section */
		218609C31EBC54910019CA38 /* Resources */ = {
			isa = PBXResourcesBuildPhase;
			buildActionMask = 2147483647;
			files = (
				218609D61EBC54910019CA38 /* LaunchScreen.storyboard in Resources */,
				218609D31EBC54910019CA38 /* Assets.xcassets in Resources */,
				218609CE1EBC54910019CA38 /* Main.storyboard in Resources */,
			);
			runOnlyForDeploymentPostprocessing = 0;
		};
/* End PBXResourcesBuildPhase section */

/* Begin PBXSourcesBuildPhase section */
		218609C11EBC54910019CA38 /* Sources */ = {
			isa = PBXSourcesBuildPhase;
			buildActionMask = 2147483647;
			files = (
				218609CB1EBC54910019CA38 /* ViewController.swift in Sources */,
				218609D11EBC54910019CA38 /* TodoApp.xcdatamodeld in Sources */,
				218609C91EBC54910019CA38 /* AppDelegate.swift in Sources */,
				218609DE1EBC557F0019CA38 /* AddTaskVC.swift in Sources */,
			);
			runOnlyForDeploymentPostprocessing = 0;
		};
/* End PBXSourcesBuildPhase section */

/* Begin PBXVariantGroup section */
		218609CC1EBC54910019CA38 /* Main.storyboard */ = {
			isa = PBXVariantGroup;
			children = (
				218609CD1EBC54910019CA38 /* Base */,
			);
			name = Main.storyboard;
			sourceTree = "<group>";
		};
		218609D41EBC54910019CA38 /* LaunchScreen.storyboard */ = {
			isa = PBXVariantGroup;
			children = (
				218609D51EBC54910019CA38 /* Base */,
			);
			name = LaunchScreen.storyboard;
			sourceTree = "<group>";
		};
/* End PBXVariantGroup section */

/* Begin XCBuildConfiguration section */
		218609D81EBC54910019CA38 /* Debug */ = {
			isa = XCBuildConfiguration;
			buildSettings = {
				ALWAYS_SEARCH_USER_PATHS = NO;
				CLANG_ANALYZER_NONNULL = YES;
				CLANG_ANALYZER_NUMBER_OBJECT_CONVERSION = YES_AGGRESSIVE;
				CLANG_CXX_LANGUAGE_STANDARD = "gnu++0x";
				CLANG_CXX_LIBRARY = "libc++";
				CLANG_ENABLE_MODULES = YES;
				CLANG_ENABLE_OBJC_ARC = YES;
				CLANG_WARN_BOOL_CONVERSION = YES;
				CLANG_WARN_CONSTANT_CONVERSION = YES;
				CLANG_WARN_DIRECT_OBJC_ISA_USAGE = YES_ERROR;
				CLANG_WARN_DOCUMENTATION_COMMENTS = YES;
				CLANG_WARN_EMPTY_BODY = YES;
				CLANG_WARN_ENUM_CONVERSION = YES;
				CLANG_WARN_INFINITE_RECURSION = YES;
				CLANG_WARN_INT_CONVERSION = YES;
				CLANG_WARN_OBJC_ROOT_CLASS = YES_ERROR;
				CLANG_WARN_SUSPICIOUS_MOVE = YES;
				CLANG_WARN_UNREACHABLE_CODE = YES;
				CLANG_WARN__DUPLICATE_METHOD_MATCH = YES;
				"CODE_SIGN_IDENTITY[sdk=iphoneos*]" = "iPhone Developer";
				COPY_PHASE_STRIP = NO;
				DEBUG_INFORMATION_FORMAT = dwarf;
				ENABLE_STRICT_OBJC_MSGSEND = YES;
				ENABLE_TESTABILITY = YES;
				GCC_C_LANGUAGE_STANDARD = gnu99;
				GCC_DYNAMIC_NO_PIC = NO;
				GCC_NO_COMMON_BLOCKS = YES;
				GCC_OPTIMIZATION_LEVEL = 0;
				GCC_PREPROCESSOR_DEFINITIONS = (
					"DEBUG=1",
					"$(inherited)",
				);
				GCC_WARN_64_TO_32_BIT_CONVERSION = YES;
				GCC_WARN_ABOUT_RETURN_TYPE = YES_ERROR;
				GCC_WARN_UNDECLARED_SELECTOR = YES;
				GCC_WARN_UNINITIALIZED_AUTOS = YES_AGGRESSIVE;
				GCC_WARN_UNUSED_FUNCTION = YES;
				GCC_WARN_UNUSED_VARIABLE = YES;
				IPHONEOS_DEPLOYMENT_TARGET = 10.3;
				MTL_ENABLE_DEBUG_INFO = YES;
				ONLY_ACTIVE_ARCH = YES;
				SDKROOT = iphoneos;
				SWIFT_ACTIVE_COMPILATION_CONDITIONS = DEBUG;
				SWIFT_OPTIMIZATION_LEVEL = "-Onone";
			};
			name = Debug;
		};
		218609D91EBC54910019CA38 /* Release */ = {
			isa = XCBuildConfiguration;
			buildSettings = {
				ALWAYS_SEARCH_USER_PATHS = NO;
				CLANG_ANALYZER_NONNULL = YES;
				CLANG_ANALYZER_NUMBER_OBJECT_CONVERSION = YES_AGGRESSIVE;
				CLANG_CXX_LANGUAGE_STANDARD = "gnu++0x";
				CLANG_CXX_LIBRARY = "libc++";
				CLANG_ENABLE_MODULES = YES;
				CLANG_ENABLE_OBJC_ARC = YES;
				CLANG_WARN_BOOL_CONVERSION = YES;
				CLANG_WARN_CONSTANT_CONVERSION = YES;
				CLANG_WARN_DIRECT_OBJC_ISA_USAGE = YES_ERROR;
				CLANG_WARN_DOCUMENTATION_COMMENTS = YES;
				CLANG_WARN_EMPTY_BODY = YES;
				CLANG_WARN_ENUM_CONVERSION = YES;
				CLANG_WARN_INFINITE_RECURSION = YES;
				CLANG_WARN_INT_CONVERSION = YES;
				CLANG_WARN_OBJC_ROOT_CLASS = YES_ERROR;
				CLANG_WARN_SUSPICIOUS_MOVE = YES;
				CLANG_WARN_UNREACHABLE_CODE = YES;
				CLANG_WARN__DUPLICATE_METHOD_MATCH = YES;
				"CODE_SIGN_IDENTITY[sdk=iphoneos*]" = "iPhone Developer";
				COPY_PHASE_STRIP = NO;
				DEBUG_INFORMATION_FORMAT = "dwarf-with-dsym";
				ENABLE_NS_ASSERTIONS = NO;
				ENABLE_STRICT_OBJC_MSGSEND = YES;
				GCC_C_LANGUAGE_STANDARD = gnu99;
				GCC_NO_COMMON_BLOCKS = YES;
				GCC_WARN_64_TO_32_BIT_CONVERSION = YES;
				GCC_WARN_ABOUT_RETURN_TYPE = YES_ERROR;
				GCC_WARN_UNDECLARED_SELECTOR = YES;
				GCC_WARN_UNINITIALIZED_AUTOS = YES_AGGRESSIVE;
				GCC_WARN_UNUSED_FUNCTION = YES;
				GCC_WARN_UNUSED_VARIABLE = YES;
				IPHONEOS_DEPLOYMENT_TARGET = 10.3;
				MTL_ENABLE_DEBUG_INFO = NO;
				SDKROOT = iphoneos;
				SWIFT_OPTIMIZATION_LEVEL = "-Owholemodule";
				VALIDATE_PRODUCT = YES;
			};
			name = Release;
		};
		218609DB1EBC54910019CA38 /* Debug */ = {
			isa = XCBuildConfiguration;
			buildSettings = {
				ASSETCATALOG_COMPILER_APPICON_NAME = AppIcon;
				INFOPLIST_FILE = TodoApp/Info.plist;
				LD_RUNPATH_SEARCH_PATHS = "$(inherited) @executable_path/Frameworks";
				PRODUCT_BUNDLE_IDENTIFIER = com.Donio.TodoApp;
				PRODUCT_NAME = "$(TARGET_NAME)";
				SWIFT_VERSION = 3.0;
			};
			name = Debug;
		};
		218609DC1EBC54910019CA38 /* Release */ = {
			isa = XCBuildConfiguration;
			buildSettings = {
				ASSETCATALOG_COMPILER_APPICON_NAME = AppIcon;
				INFOPLIST_FILE = TodoApp/Info.plist;
				LD_RUNPATH_SEARCH_PATHS = "$(inherited) @executable_path/Frameworks";
				PRODUCT_BUNDLE_IDENTIFIER = com.Donio.TodoApp;
				PRODUCT_NAME = "$(TARGET_NAME)";
				SWIFT_VERSION = 3.0;
			};
			name = Release;
		};
/* End XCBuildConfiguration section */

/* Begin XCConfigurationList section */
		218609C01EBC54910019CA38 /* Build configuration list for PBXProject "TodoApp" */ = {
			isa = XCConfigurationList;
			buildConfigurations = (
				218609D81EBC54910019CA38 /* Debug */,
				218609D91EBC54910019CA38 /* Release */,
			);
			defaultConfigurationIsVisible = 0;
			defaultConfigurationName = Release;
		};
		218609DA1EBC54910019CA38 /* Build configuration list for PBXNativeTarget "TodoApp" */ = {
			isa = XCConfigurationList;
			buildConfigurations = (
				218609DB1EBC54910019CA38 /* Debug */,
				218609DC1EBC54910019CA38 /* Release */,
			);
			defaultConfigurationIsVisible = 0;
		};
/* End XCConfigurationList section */

/* Begin XCVersionGroup section */
		218609CF1EBC54910019CA38 /* TodoApp.xcdatamodeld */ = {
			isa = XCVersionGroup;
			children = (
				218609D01EBC54910019CA38 /* TodoApp.xcdatamodel */,
			);
			currentVersion = 218609D01EBC54910019CA38 /* TodoApp.xcdatamodel */;
			path = TodoApp.xcdatamodeld;
			sourceTree = "<group>";
			versionGroupType = wrapper.xcdatamodel;
		};
/* End XCVersionGroup section */
	};
	rootObject = 218609BD1EBC54910019CA38 /* Project object */;
}
